
Microsoft Visual Studio Solution File, Format Version 12.00
# Visual Studio Version 16
VisualStudioVersion = 16.0.29827.131
MinimumVisualStudioVersion = 10.0.40219.1
Project("{9A19103F-16F7-4668-BE54-9A1E7A4F7556}") = "A_GuessTheNumber", "GuessTheNumber\A_GuessTheNumber.csproj", "{4438D2D9-94FC-4911-9F45-EED640B98AED}"
EndProject
Project("{9A19103F-16F7-4668-BE54-9A1E7A4F7556}") = "B_Tic_Tac_Toe", "B_Tic_Tac_Toe\B_Tic_Tac_Toe.csproj", "{2B784DFF-E434-4827-8C78-F3D542411281}"
EndProject
Project("{9A19103F-16F7-4668-BE54-9A1E7A4F7556}") = "China_Sticks", "China_Sticks\China_Sticks.csproj", "{5435784C-AAD7-45A6-A29C-F8D579E2A8E2}"
EndProject
Project("{9A19103F-16F7-4668-BE54-9A1E7A4F7556}") = "C_China_Stacks_V2.0", "China_Stacks_V2.0\C_China_Stacks_V2.0.csproj", "{C4A41587-ABA8-43EE-8D84-571134F72C9F}"
EndProject
Project("{9A19103F-16F7-4668-BE54-9A1E7A4F7556}") = "D_Believe_Or_Not", "D_Believe_Or_Not\D_Believe_Or_Not.csproj", "{95A4438E-76A0-4503-8466-610593534A60}"
EndProject
Project("{9A19103F-16F7-4668-BE54-9A1E7A4F7556}") = "E_Gallows", "E_Gallows\E_Gallows.csproj", "{4B295B06-A609-4C19-8DFB-FDA982FBDC90}"
EndProject
Project("{FAE04EC0-301F-11D3-BF4B-00C04F79EFBC}") = "F_SnakeOnWinForms", "SnakeOnWinForms\F_SnakeOnWinForms.csproj", "{F9354251-31B1-47D5-918A-DDAC39E16416}"
EndProject
Project("{FAE04EC0-301F-11D3-BF4B-00C04F79EFBC}") = "G_IndexMassOfBody", "IndexMassOfBody\G_IndexMassOfBody.csproj", "{A5666E5B-2ADB-451B-A81E-68D40D1F49CF}"
EndProject
Global
	GlobalSection(SolutionConfigurationPlatforms) = preSolution
		Debug|Any CPU = Debug|Any CPU
		Release|Any CPU = Release|Any CPU
	EndGlobalSection
	GlobalSection(ProjectConfigurationPlatforms) = postSolution
		{4438D2D9-94FC-4911-9F45-EED640B98AED}.Debug|Any CPU.ActiveCfg = Debug|Any CPU
		{4438D2D9-94FC-4911-9F45-EED640B98AED}.Debug|Any CPU.Build.0 = Debug|Any CPU
		{4438D2D9-94FC-4911-9F45-EED640B98AED}.Release|Any CPU.ActiveCfg = Release|Any CPU
		{4438D2D9-94FC-4911-9F45-EED640B98AED}.Release|Any CPU.Build.0 = Release|Any CPU
		{2B784DFF-E434-4827-8C78-F3D542411281}.Debug|Any CPU.ActiveCfg = Debug|Any CPU
		{2B784DFF-E434-4827-8C78-F3D542411281}.Debug|Any CPU.Build.0 = Debug|Any CPU
		{2B784DFF-E434-4827-8C78-F3D542411281}.Release|Any CPU.ActiveCfg = Release|Any CPU
		{2B784DFF-E434-4827-8C78-F3D542411281}.Release|Any CPU.Build.0 = Release|Any CPU
		{5435784C-AAD7-45A6-A29C-F8D579E2A8E2}.Debug|Any CPU.ActiveCfg = Debug|Any CPU
		{5435784C-AAD7-45A6-A29C-F8D579E2A8E2}.Debug|Any CPU.Build.0 = Debug|Any CPU
		{5435784C-AAD7-45A6-A29C-F8D579E2A8E2}.Release|Any CPU.ActiveCfg = Release|Any CPU
		{5435784C-AAD7-45A6-A29C-F8D579E2A8E2}.Release|Any CPU.Build.0 = Release|Any CPU
		{C4A41587-ABA8-43EE-8D84-571134F72C9F}.Debug|Any CPU.ActiveCfg = Debug|Any CPU
		{C4A41587-ABA8-43EE-8D84-571134F72C9F}.Debug|Any CPU.Build.0 = Debug|Any CPU
		{C4A41587-ABA8-43EE-8D84-571134F72C9F}.Release|Any CPU.ActiveCfg = Release|Any CPU
		{C4A41587-ABA8-43EE-8D84-571134F72C9F}.Release|Any CPU.Build.0 = Release|Any CPU
		{95A4438E-76A0-4503-8466-610593534A60}.Debug|Any CPU.ActiveCfg = Debug|Any CPU
		{95A4438E-76A0-4503-8466-610593534A60}.Debug|Any CPU.Build.0 = Debug|Any CPU
		{95A4438E-76A0-4503-8466-610593534A60}.Release|Any CPU.ActiveCfg = Release|Any CPU
		{95A4438E-76A0-4503-8466-610593534A60}.Release|Any CPU.Build.0 = Release|Any CPU
		{4B295B06-A609-4C19-8DFB-FDA982FBDC90}.Debug|Any CPU.ActiveCfg = Debug|Any CPU
		{4B295B06-A609-4C19-8DFB-FDA982FBDC90}.Debug|Any CPU.Build.0 = Debug|Any CPU
		{4B295B06-A609-4C19-8DFB-FDA982FBDC90}.Release|Any CPU.ActiveCfg = Release|Any CPU
		{4B295B06-A609-4C19-8DFB-FDA982FBDC90}.Release|Any CPU.Build.0 = Release|Any CPU
		{F9354251-31B1-47D5-918A-DDAC39E16416}.Debug|Any CPU.ActiveCfg = Debug|Any CPU
		{F9354251-31B1-47D5-918A-DDAC39E16416}.Debug|Any CPU.Build.0 = Debug|Any CPU
		{F9354251-31B1-47D5-918A-DDAC39E16416}.Release|Any CPU.ActiveCfg = Release|Any CPU
		{F9354251-31B1-47D5-918A-DDAC39E16416}.Release|Any CPU.Build.0 = Release|Any CPU
		{A5666E5B-2ADB-451B-A81E-68D40D1F49CF}.Debug|Any CPU.ActiveCfg = Debug|Any CPU
		{A5666E5B-2ADB-451B-A81E-68D40D1F49CF}.Debug|Any CPU.Build.0 = Debug|Any CPU
		{A5666E5B-2ADB-451B-A81E-68D40D1F49CF}.Release|Any CPU.ActiveCfg = Release|Any CPU
		{A5666E5B-2ADB-451B-A81E-68D40D1F49CF}.Release|Any CPU.Build.0 = Release|Any CPU
	EndGlobalSection
	GlobalSection(SolutionProperties) = preSolution
		HideSolutionNode = FALSE
	EndGlobalSection
	GlobalSection(ExtensibilityGlobals) = postSolution
		SolutionGuid = {7F99DA3C-DA46-4655-9B9B-3DC4B704C76C}
	EndGlobalSection
EndGlobal
